
Microsoft Visual Studio Solution File, Format Version 12.00
# Visual Studio Version 17
VisualStudioVersion = 17.4.33213.308
MinimumVisualStudioVersion = 10.0.40219.1
Project("{FAE04EC0-301F-11D3-BF4B-00C04F79EFBC}") = "modul7_group5", "modul7_group5.csproj", "{67D4D420-C68A-4383-996F-335752DA1668}"
EndProject
Global
	GlobalSection(SolutionConfigurationPlatforms) = preSolution
		Debug|Any CPU = Debug|Any CPU
		Release|Any CPU = Release|Any CPU
	EndGlobalSection
	GlobalSection(ProjectConfigurationPlatforms) = postSolution
		{67D4D420-C68A-4383-996F-335752DA1668}.Debug|Any CPU.ActiveCfg = Debug|Any CPU
		{67D4D420-C68A-4383-996F-335752DA1668}.Debug|Any CPU.Build.0 = Debug|Any CPU
		{67D4D420-C68A-4383-996F-335752DA1668}.Release|Any CPU.ActiveCfg = Release|Any CPU
		{67D4D420-C68A-4383-996F-335752DA1668}.Release|Any CPU.Build.0 = Release|Any CPU
	EndGlobalSection
	GlobalSection(SolutionProperties) = preSolution
		HideSolutionNode = FALSE
	EndGlobalSection
	GlobalSection(ExtensibilityGlobals) = postSolution
		SolutionGuid = {92EAD987-63F2-4CF4-BFF2-A5451150B138}
	EndGlobalSection
EndGlobal
